
Microsoft Visual Studio Solution File, Format Version 12.00
# Visual Studio Version 16
VisualStudioVersion = 16.0.29411.108
MinimumVisualStudioVersion = 10.0.40219.1
Project("{FAE04EC0-301F-11D3-BF4B-00C04F79EFBC}") = "EducareAPP.Android", "EducareAPP.Android\EducareAPP.Android.csproj", "{EE1CCF55-D9C4-45A6-9F4E-869F68211114}"
EndProject
Project("{FAE04EC0-301F-11D3-BF4B-00C04F79EFBC}") = "EducareAPP.iOS", "EducareAPP.iOS\EducareAPP.iOS.csproj", "{1C031F0C-3724-4F09-A64E-1A50BC4A421A}"
EndProject
Project("{FAE04EC0-301F-11D3-BF4B-00C04F79EFBC}") = "EducareAPP", "EducareAPP\EducareAPP.csproj", "{68187507-4E69-43AE-B0A1-A524DB945C74}"
EndProject
Global
	GlobalSection(SolutionConfigurationPlatforms) = preSolution
		Debug|Any CPU = Debug|Any CPU
		Debug|iPhone = Debug|iPhone
		Debug|iPhoneSimulator = Debug|iPhoneSimulator
		Release|Any CPU = Release|Any CPU
		Release|iPhone = Release|iPhone
		Release|iPhoneSimulator = Release|iPhoneSimulator
	EndGlobalSection
	GlobalSection(ProjectConfigurationPlatforms) = postSolution
		{EE1CCF55-D9C4-45A6-9F4E-869F68211114}.Debug|Any CPU.ActiveCfg = Debug|Any CPU
		{EE1CCF55-D9C4-45A6-9F4E-869F68211114}.Debug|Any CPU.Build.0 = Debug|Any CPU
		{EE1CCF55-D9C4-45A6-9F4E-869F68211114}.Debug|Any CPU.Deploy.0 = Debug|Any CPU
		{EE1CCF55-D9C4-45A6-9F4E-869F68211114}.Debug|iPhone.ActiveCfg = Debug|Any CPU
		{EE1CCF55-D9C4-45A6-9F4E-869F68211114}.Debug|iPhone.Build.0 = Debug|Any CPU
		{EE1CCF55-D9C4-45A6-9F4E-869F68211114}.Debug|iPhone.Deploy.0 = Debug|Any CPU
		{EE1CCF55-D9C4-45A6-9F4E-869F68211114}.Debug|iPhoneSimulator.ActiveCfg = Debug|Any CPU
		{EE1CCF55-D9C4-45A6-9F4E-869F68211114}.Debug|iPhoneSimulator.Build.0 = Debug|Any CPU
		{EE1CCF55-D9C4-45A6-9F4E-869F68211114}.Debug|iPhoneSimulator.Deploy.0 = Debug|Any CPU
		{EE1CCF55-D9C4-45A6-9F4E-869F68211114}.Release|Any CPU.ActiveCfg = Release|Any CPU
		{EE1CCF55-D9C4-45A6-9F4E-869F68211114}.Release|Any CPU.Build.0 = Release|Any CPU
		{EE1CCF55-D9C4-45A6-9F4E-869F68211114}.Release|Any CPU.Deploy.0 = Release|Any CPU
		{EE1CCF55-D9C4-45A6-9F4E-869F68211114}.Release|iPhone.ActiveCfg = Release|Any CPU
		{EE1CCF55-D9C4-45A6-9F4E-869F68211114}.Release|iPhone.Build.0 = Release|Any CPU
		{EE1CCF55-D9C4-45A6-9F4E-869F68211114}.Release|iPhone.Deploy.0 = Release|Any CPU
		{EE1CCF55-D9C4-45A6-9F4E-869F68211114}.Release|iPhoneSimulator.ActiveCfg = Release|Any CPU
		{EE1CCF55-D9C4-45A6-9F4E-869F68211114}.Release|iPhoneSimulator.Build.0 = Release|Any CPU
		{EE1CCF55-D9C4-45A6-9F4E-869F68211114}.Release|iPhoneSimulator.Deploy.0 = Release|Any CPU
		{1C031F0C-3724-4F09-A64E-1A50BC4A421A}.Debug|Any CPU.ActiveCfg = Debug|iPhoneSimulator
		{1C031F0C-3724-4F09-A64E-1A50BC4A421A}.Debug|Any CPU.Build.0 = Debug|iPhoneSimulator
		{1C031F0C-3724-4F09-A64E-1A50BC4A421A}.Debug|Any CPU.Deploy.0 = Debug|iPhoneSimulator
		{1C031F0C-3724-4F09-A64E-1A50BC4A421A}.Debug|iPhone.ActiveCfg = Debug|iPhone
		{1C031F0C-3724-4F09-A64E-1A50BC4A421A}.Debug|iPhone.Build.0 = Debug|iPhone
		{1C031F0C-3724-4F09-A64E-1A50BC4A421A}.Debug|iPhone.Deploy.0 = Debug|iPhone
		{1C031F0C-3724-4F09-A64E-1A50BC4A421A}.Debug|iPhoneSimulator.ActiveCfg = Debug|iPhoneSimulator
		{1C031F0C-3724-4F09-A64E-1A50BC4A421A}.Debug|iPhoneSimulator.Build.0 = Debug|iPhoneSimulator
		{1C031F0C-3724-4F09-A64E-1A50BC4A421A}.Debug|iPhoneSimulator.Deploy.0 = Debug|iPhoneSimulator
		{1C031F0C-3724-4F09-A64E-1A50BC4A421A}.Release|Any CPU.ActiveCfg = Release|iPhone
		{1C031F0C-3724-4F09-A64E-1A50BC4A421A}.Release|Any CPU.Build.0 = Release|iPhone
		{1C031F0C-3724-4F09-A64E-1A50BC4A421A}.Release|Any CPU.Deploy.0 = Release|iPhone
		{1C031F0C-3724-4F09-A64E-1A50BC4A421A}.Release|iPhone.ActiveCfg = Release|iPhone
		{1C031F0C-3724-4F09-A64E-1A50BC4A421A}.Release|iPhone.Build.0 = Release|iPhone
		{1C031F0C-3724-4F09-A64E-1A50BC4A421A}.Release|iPhone.Deploy.0 = Release|iPhone
		{1C031F0C-3724-4F09-A64E-1A50BC4A421A}.Release|iPhoneSimulator.ActiveCfg = Release|iPhoneSimulator
		{1C031F0C-3724-4F09-A64E-1A50BC4A421A}.Release|iPhoneSimulator.Build.0 = Release|iPhoneSimulator
		{1C031F0C-3724-4F09-A64E-1A50BC4A421A}.Release|iPhoneSimulator.Deploy.0 = Release|iPhoneSimulator
		{68187507-4E69-43AE-B0A1-A524DB945C74}.Debug|Any CPU.ActiveCfg = Debug|Any CPU
		{68187507-4E69-43AE-B0A1-A524DB945C74}.Debug|Any CPU.Build.0 = Debug|Any CPU
		{68187507-4E69-43AE-B0A1-A524DB945C74}.Debug|Any CPU.Deploy.0 = Debug|Any CPU
		{68187507-4E69-43AE-B0A1-A524DB945C74}.Debug|iPhone.ActiveCfg = Debug|Any CPU
		{68187507-4E69-43AE-B0A1-A524DB945C74}.Debug|iPhone.Build.0 = Debug|Any CPU
		{68187507-4E69-43AE-B0A1-A524DB945C74}.Debug|iPhone.Deploy.0 = Debug|Any CPU
		{68187507-4E69-43AE-B0A1-A524DB945C74}.Debug|iPhoneSimulator.ActiveCfg = Debug|Any CPU
		{68187507-4E69-43AE-B0A1-A524DB945C74}.Debug|iPhoneSimulator.Build.0 = Debug|Any CPU
		{68187507-4E69-43AE-B0A1-A524DB945C74}.Debug|iPhoneSimulator.Deploy.0 = Debug|Any CPU
		{68187507-4E69-43AE-B0A1-A524DB945C74}.Release|Any CPU.ActiveCfg = Release|Any CPU
		{68187507-4E69-43AE-B0A1-A524DB945C74}.Release|Any CPU.Build.0 = Release|Any CPU
		{68187507-4E69-43AE-B0A1-A524DB945C74}.Release|Any CPU.Deploy.0 = Release|Any CPU
		{68187507-4E69-43AE-B0A1-A524DB945C74}.Release|iPhone.ActiveCfg = Release|Any CPU
		{68187507-4E69-43AE-B0A1-A524DB945C74}.Release|iPhone.Build.0 = Release|Any CPU
		{68187507-4E69-43AE-B0A1-A524DB945C74}.Release|iPhone.Deploy.0 = Release|Any CPU
		{68187507-4E69-43AE-B0A1-A524DB945C74}.Release|iPhoneSimulator.ActiveCfg = Release|Any CPU
		{68187507-4E69-43AE-B0A1-A524DB945C74}.Release|iPhoneSimulator.Build.0 = Release|Any CPU
		{68187507-4E69-43AE-B0A1-A524DB945C74}.Release|iPhoneSimulator.Deploy.0 = Release|Any CPU
	EndGlobalSection
	GlobalSection(SolutionProperties) = preSolution
		HideSolutionNode = FALSE
	EndGlobalSection
	GlobalSection(ExtensibilityGlobals) = postSolution
		SolutionGuid = {3C1B0950-E13B-4A99-AAE6-3D0507C596DE}
	EndGlobalSection
EndGlobal
